
Microsoft Visual Studio Solution File, Format Version 12.00
# Visual Studio Version 17
VisualStudioVersion = 17.6.33829.357
MinimumVisualStudioVersion = 10.0.40219.1
Project("{FAE04EC0-301F-11D3-BF4B-00C04F79EFBC}") = "Filmy", "Filmy\Filmy.csproj", "{E6B4C6C3-1067-462D-95FA-14656505AB19}"
EndProject
Global
	GlobalSection(SolutionConfigurationPlatforms) = preSolution
		Debug|Any CPU = Debug|Any CPU
		Release|Any CPU = Release|Any CPU
	EndGlobalSection
	GlobalSection(ProjectConfigurationPlatforms) = postSolution
		{E6B4C6C3-1067-462D-95FA-14656505AB19}.Debug|Any CPU.ActiveCfg = Debug|Any CPU
		{E6B4C6C3-1067-462D-95FA-14656505AB19}.Debug|Any CPU.Build.0 = Debug|Any CPU
		{E6B4C6C3-1067-462D-95FA-14656505AB19}.Release|Any CPU.ActiveCfg = Release|Any CPU
		{E6B4C6C3-1067-462D-95FA-14656505AB19}.Release|Any CPU.Build.0 = Release|Any CPU
	EndGlobalSection
	GlobalSection(SolutionProperties) = preSolution
		HideSolutionNode = FALSE
	EndGlobalSection
	GlobalSection(ExtensibilityGlobals) = postSolution
		SolutionGuid = {5550BD85-86CD-403C-A84F-F4EEAE214D0F}
	EndGlobalSection
EndGlobal
